{
  "version": 4,
  "terraform_version": "1.5.0",
  "serial": 38,
  "lineage": "50bde30c-a6f1-69a8-6382-6d245d094792",
  "outputs": {},
  "resources": [
    {
      "mode": "data",
      "type": "huaweicloud_availability_zones",
      "name": "myaz",
      "provider": "provider[\"registry.terraform.io/huaweicloud/huaweicloud\"]",
      "instances": [
        {
          "schema_version": 0,
          "attributes": {
            "id": "1131794490",
            "names": [
              "ap-southeast-1a",
              "ap-southeast-1b",
              "ap-southeast-1c",
              "ap-southeast-1g"
            ],
            "region": null,
            "state": "available"
          },
          "sensitive_attributes": []
        }
      ]
    },
    {
      "mode": "data",
      "type": "huaweicloud_compute_flavors",
      "name": "myflavor",
      "provider": "provider[\"registry.terraform.io/huaweicloud/huaweicloud\"]",
      "instances": [
        {
          "schema_version": 0,
          "attributes": {
            "availability_zone": "ap-southeast-1a",
            "cpu_core_count": 2,
            "generation": null,
            "id": "3397839909",
            "ids": [
              "s2.large.2",
              "s3.large.2",
              "s6.large.2"
            ],
            "memory_size": 4,
            "performance_type": "normal",
            "region": "ap-southeast-1"
          },
          "sensitive_attributes": []
        }
      ]
    },
    {
      "mode": "data",
      "type": "huaweicloud_elb_flavors",
      "name": "flavors",
      "provider": "provider[\"registry.terraform.io/huaweicloud/huaweicloud\"]",
      "instances": [
        {
          "schema_version": 0,
          "attributes": {
            "bandwidth": 50,
            "cps": 2000,
            "flavors": [
              {
                "bandwidth": 50,
                "cps": 2000,
                "id": "c3163ea5-4435-42bd-8f1d-b84d905f5b1e",
                "max_connections": 200000,
                "name": "L7_flavor.elb.s1.small",
                "qps": 4000,
                "type": "L7"
              }
            ],
            "id": "3636715210",
            "ids": [
              "c3163ea5-4435-42bd-8f1d-b84d905f5b1e"
            ],
            "max_connections": 200000,
            "qps": null,
            "region": "ap-southeast-1",
            "type": "L7"
          },
          "sensitive_attributes": []
        }
      ]
    },
    {
      "mode": "data",
      "type": "huaweicloud_elb_flavors",
      "name": "flavors_4",
      "provider": "provider[\"registry.terraform.io/huaweicloud/huaweicloud\"]",
      "instances": [
        {
          "schema_version": 0,
          "attributes": {
            "bandwidth": 50,
            "cps": 10000,
            "flavors": [
              {
                "bandwidth": 50,
                "cps": 10000,
                "id": "21ea945b-7a28-4b0b-bc5e-28480261ac91",
                "max_connections": 500000,
                "name": "L4_flavor.elb.s1.small",
                "qps": 0,
                "type": "L4"
              }
            ],
            "id": "1858742006",
            "ids": [
              "21ea945b-7a28-4b0b-bc5e-28480261ac91"
            ],
            "max_connections": 500000,
            "qps": null,
            "region": "ap-southeast-1",
            "type": "L4"
          },
          "sensitive_attributes": []
        }
      ]
    },
    {
      "mode": "data",
      "type": "huaweicloud_images_image",
      "name": "myimage",
      "provider": "provider[\"registry.terraform.io/huaweicloud/huaweicloud\"]",
      "instances": [
        {
          "schema_version": 0,
          "attributes": {
            "architecture": null,
            "backup_id": "",
            "checksum": "99914b932bd37a50b983c5e7c90ae93b",
            "container_format": "bare",
            "created_at": "2020-12-21T16:04:19Z",
            "disk_format": "zvhd2",
            "enterprise_project_id": "",
            "file": "/v2/images/1dc1e6db-c43b-4936-8be7-a5bb0e4d987b/file",
            "flavor_id": null,
            "id": "1dc1e6db-c43b-4936-8be7-a5bb0e4d987b",
            "image_type": "FusionCompute",
            "metadata": null,
            "min_disk_gb": 40,
            "min_ram_mb": 1024,
            "most_recent": true,
            "name": "CentOS 8.2 64bit",
            "name_regex": null,
            "os": "CentOS",
            "os_version": "CentOS 8.2 64bit",
            "owner": "c16e072bc1334180868fd8ae507c80ad",
            "protected": true,
            "region": null,
            "schema": "/v2/schemas/image",
            "size_bytes": 2069737472,
            "size_max": null,
            "size_min": null,
            "sort_direction": "asc",
            "sort_key": "name",
            "status": "active",
            "tag": null,
            "updated_at": "2022-10-31T06:41:21Z",
            "visibility": "public"
          },
          "sensitive_attributes": []
        }
      ]
    },
    {
      "mode": "managed",
      "type": "huaweicloud_compute_eip_associate",
      "name": "associated",
      "provider": "provider[\"registry.terraform.io/huaweicloud/huaweicloud\"]",
      "instances": [
        {
          "schema_version": 0,
          "attributes": {
            "bandwidth_id": null,
            "fixed_ip": "172.16.10.151",
            "id": "159.138.147.178/c2a43eca-68d5-4c35-85c2-64f23fa0ec02/172.16.10.151",
            "instance_id": "c2a43eca-68d5-4c35-85c2-64f23fa0ec02",
            "port_id": "f1a3904b-e64d-4b0c-abe3-f6c5aab2e545",
            "public_ip": "159.138.147.178",
            "region": "ap-southeast-1",
            "timeouts": null
          },
          "sensitive_attributes": [],
          "private": "eyJlMmJmYjczMC1lY2FhLTExZTYtOGY4OC0zNDM2M2JjN2M0YzAiOnsiY3JlYXRlIjo2MDAwMDAwMDAwMDB9fQ==",
          "dependencies": [
            "data.huaweicloud_availability_zones.myaz",
            "data.huaweicloud_compute_flavors.myflavor",
            "data.huaweicloud_images_image.myimage",
            "huaweicloud_compute_instance.basic",
            "huaweicloud_vpc.vpc_1",
            "huaweicloud_vpc_eip.dedicated",
            "huaweicloud_vpc_subnet.subnet_1"
          ]
        }
      ]
    },
    {
      "mode": "managed",
      "type": "huaweicloud_compute_instance",
      "name": "CCE-basic",
      "provider": "provider[\"registry.terraform.io/huaweicloud/huaweicloud\"]",
      "instances": [
        {
          "index_key": 0,
          "schema_version": 0,
          "attributes": {
            "access_ip_v4": "172.16.10.108",
            "access_ip_v6": "",
            "admin_pass": null,
            "agency_name": "",
            "agent_list": "",
            "auto_pay": "true",
            "auto_renew": null,
            "availability_zone": "ap-southeast-1c",
            "bandwidth": [],
            "charging_mode": "prePaid",
            "created_at": "2023-06-26T09:05:45Z",
            "data_disks": [],
            "delete_disks_on_termination": null,
            "delete_eip_on_termination": true,
            "description": "",
            "eip_id": null,
            "eip_type": null,
            "enterprise_project_id": "0",
            "flavor_id": "c7n.xlarge.2",
            "flavor_name": "c7n.xlarge.2",
            "id": "fd96c9ee-9c60-4633-9749-04d8358c5ecd",
            "image_id": "1dc1e6db-c43b-4936-8be7-a5bb0e4d987b",
            "image_name": "CentOS 8.2 64bit",
            "key_pair": null,
            "name": "CCE-basic-0",
            "network": [
              {
                "access_network": false,
                "fixed_ip_v4": "172.16.10.108",
                "fixed_ip_v6": "",
                "ipv6_enable": false,
                "mac": "fa:16:3e:2e:28:8a",
                "port": "0e98ba5c-2981-4870-a9d3-a0ff0cead73a",
                "source_dest_check": true,
                "uuid": "88f5c0a5-6f96-4267-ae0c-d580e9818be3"
              }
            ],
            "period": 1,
            "period_unit": "month",
            "power_action": null,
            "private_key": null,
            "public_ip": null,
            "region": "ap-southeast-1",
            "scheduler_hints": [],
            "security_group_ids": [
              "af0e0421-15b5-45b9-8a0b-bcfe99d134bf"
            ],
            "security_groups": [
              "default"
            ],
            "spot_duration": null,
            "spot_duration_count": null,
            "spot_maximum_price": null,
            "status": "ACTIVE",
            "stop_before_destroy": false,
            "system_disk_id": "86d36b24-5808-42b3-a643-f2003beafaf1",
            "system_disk_kms_key_id": "",
            "system_disk_size": 40,
            "system_disk_type": "GPSSD",
            "tags": {},
            "timeouts": null,
            "updated_at": "2023-06-26T09:06:15Z",
            "user_data": null,
            "user_id": null,
            "volume_attached": [
              {
                "boot_index": 0,
                "kms_key_id": "",
                "pci_address": "0000:02:01.0",
                "size": 40,
                "type": "GPSSD",
                "volume_id": "86d36b24-5808-42b3-a643-f2003beafaf1"
              }
            ]
          },
          "sensitive_attributes": [],
          "private": "eyJlMmJmYjczMC1lY2FhLTExZTYtOGY4OC0zNDM2M2JjN2M0YzAiOnsiY3JlYXRlIjoxODAwMDAwMDAwMDAwLCJkZWxldGUiOjE4MDAwMDAwMDAwMDAsInVwZGF0ZSI6MTgwMDAwMDAwMDAwMH19",
          "dependencies": [
            "data.huaweicloud_images_image.myimage",
            "huaweicloud_vpc.vpc_1",
            "huaweicloud_vpc_subnet.subnet_1"
          ]
        }
      ]
    },
    {
      "mode": "managed",
      "type": "huaweicloud_compute_instance",
      "name": "basic",
      "provider": "provider[\"registry.terraform.io/huaweicloud/huaweicloud\"]",
      "instances": [
        {
          "index_key": 0,
          "schema_version": 0,
          "attributes": {
            "access_ip_v4": "172.16.10.151",
            "access_ip_v6": "",
            "admin_pass": null,
            "agency_name": "",
            "agent_list": "",
            "auto_pay": "true",
            "auto_renew": null,
            "availability_zone": "ap-southeast-1a",
            "bandwidth": [],
            "charging_mode": "prePaid",
            "created_at": "2023-06-26T08:46:04Z",
            "data_disks": [],
            "delete_disks_on_termination": null,
            "delete_eip_on_termination": true,
            "description": "",
            "eip_id": null,
            "eip_type": null,
            "enterprise_project_id": "0",
            "flavor_id": "s2.large.2",
            "flavor_name": "s2.large.2",
            "id": "c2a43eca-68d5-4c35-85c2-64f23fa0ec02",
            "image_id": "1dc1e6db-c43b-4936-8be7-a5bb0e4d987b",
            "image_name": "CentOS 8.2 64bit",
            "key_pair": null,
            "name": "basic-0",
            "network": [
              {
                "access_network": false,
                "fixed_ip_v4": "172.16.10.151",
                "fixed_ip_v6": "",
                "ipv6_enable": false,
                "mac": "fa:16:3e:2e:28:b5",
                "port": "f1a3904b-e64d-4b0c-abe3-f6c5aab2e545",
                "source_dest_check": true,
                "uuid": "88f5c0a5-6f96-4267-ae0c-d580e9818be3"
              }
            ],
            "period": 1,
            "period_unit": "month",
            "power_action": null,
            "private_key": null,
            "public_ip": "159.138.147.178",
            "region": "ap-southeast-1",
            "scheduler_hints": [],
            "security_group_ids": [
              "af0e0421-15b5-45b9-8a0b-bcfe99d134bf"
            ],
            "security_groups": [
              "default"
            ],
            "spot_duration": null,
            "spot_duration_count": null,
            "spot_maximum_price": null,
            "status": "ACTIVE",
            "stop_before_destroy": false,
            "system_disk_id": "72925813-16c1-4fb3-9c89-79d50f6843a1",
            "system_disk_kms_key_id": "",
            "system_disk_size": 40,
            "system_disk_type": "GPSSD",
            "tags": {},
            "timeouts": null,
            "updated_at": "2023-06-26T09:22:07Z",
            "user_data": null,
            "user_id": null,
            "volume_attached": [
              {
                "boot_index": 0,
                "kms_key_id": "",
                "pci_address": "0000:02:01.0",
                "size": 40,
                "type": "GPSSD",
                "volume_id": "72925813-16c1-4fb3-9c89-79d50f6843a1"
              }
            ]
          },
          "sensitive_attributes": [],
          "private": "eyJlMmJmYjczMC1lY2FhLTExZTYtOGY4OC0zNDM2M2JjN2M0YzAiOnsiY3JlYXRlIjoxODAwMDAwMDAwMDAwLCJkZWxldGUiOjE4MDAwMDAwMDAwMDAsInVwZGF0ZSI6MTgwMDAwMDAwMDAwMH19",
          "dependencies": [
            "data.huaweicloud_availability_zones.myaz",
            "data.huaweicloud_compute_flavors.myflavor",
            "data.huaweicloud_images_image.myimage",
            "huaweicloud_vpc.vpc_1",
            "huaweicloud_vpc_subnet.subnet_1"
          ]
        },
        {
          "index_key": 1,
          "schema_version": 0,
          "attributes": {
            "access_ip_v4": "172.16.10.127",
            "access_ip_v6": "",
            "admin_pass": null,
            "agency_name": "",
            "agent_list": "",
            "auto_pay": "true",
            "auto_renew": null,
            "availability_zone": "ap-southeast-1a",
            "bandwidth": [],
            "charging_mode": "prePaid",
            "created_at": "2023-06-26T08:50:16Z",
            "data_disks": [],
            "delete_disks_on_termination": null,
            "delete_eip_on_termination": true,
            "description": "",
            "eip_id": null,
            "eip_type": null,
            "enterprise_project_id": "0",
            "flavor_id": "s2.large.2",
            "flavor_name": "s2.large.2",
            "id": "83063d4d-01f1-4955-a765-bc24e4799a44",
            "image_id": "1dc1e6db-c43b-4936-8be7-a5bb0e4d987b",
            "image_name": "CentOS 8.2 64bit",
            "key_pair": null,
            "name": "basic-1",
            "network": [
              {
                "access_network": false,
                "fixed_ip_v4": "172.16.10.127",
                "fixed_ip_v6": "",
                "ipv6_enable": false,
                "mac": "fa:16:3e:2e:28:9d",
                "port": "906818be-6b27-4a40-bd29-1ff00e371393",
                "source_dest_check": true,
                "uuid": "88f5c0a5-6f96-4267-ae0c-d580e9818be3"
              }
            ],
            "period": 1,
            "period_unit": "month",
            "power_action": null,
            "private_key": null,
            "public_ip": null,
            "region": "ap-southeast-1",
            "scheduler_hints": [],
            "security_group_ids": [
              "af0e0421-15b5-45b9-8a0b-bcfe99d134bf"
            ],
            "security_groups": [
              "default"
            ],
            "spot_duration": null,
            "spot_duration_count": null,
            "spot_maximum_price": null,
            "status": "ACTIVE",
            "stop_before_destroy": false,
            "system_disk_id": "d8727b75-b785-480d-8137-6ea3be9841f5",
            "system_disk_kms_key_id": "",
            "system_disk_size": 40,
            "system_disk_type": "GPSSD",
            "tags": {},
            "timeouts": null,
            "updated_at": "2023-06-26T08:50:53Z",
            "user_data": null,
            "user_id": null,
            "volume_attached": [
              {
                "boot_index": 0,
                "kms_key_id": "",
                "pci_address": "0000:02:01.0",
                "size": 40,
                "type": "GPSSD",
                "volume_id": "d8727b75-b785-480d-8137-6ea3be9841f5"
              }
            ]
          },
          "sensitive_attributes": [],
          "private": "eyJlMmJmYjczMC1lY2FhLTExZTYtOGY4OC0zNDM2M2JjN2M0YzAiOnsiY3JlYXRlIjoxODAwMDAwMDAwMDAwLCJkZWxldGUiOjE4MDAwMDAwMDAwMDAsInVwZGF0ZSI6MTgwMDAwMDAwMDAwMH19",
          "dependencies": [
            "data.huaweicloud_availability_zones.myaz",
            "data.huaweicloud_compute_flavors.myflavor",
            "data.huaweicloud_images_image.myimage",
            "huaweicloud_vpc.vpc_1",
            "huaweicloud_vpc_subnet.subnet_1"
          ]
        }
      ]
    },
    {
      "mode": "managed",
      "type": "huaweicloud_elb_certificate",
      "name": "certificate_1",
      "provider": "provider[\"registry.terraform.io/huaweicloud/huaweicloud\"]",
      "instances": [
        {
          "schema_version": 0,
          "attributes": {
            "certificate": "-----BEGIN CERTIFICATE-----\nMIICTTCCAbYCCQC51kNm5eV2vzANBgkqhkiG9w0BAQsFADBrMQswCQYDVQQGEwJD\nTjEOMAwGA1UECAwFbXlrZXkxDjAMBgNVBAcMBW15a2V5MQ4wDAYDVQQKDAVteWtl\neTEOMAwGA1UECwwFbXlrZXkxHDAaBgNVBAMME215a2NhcGl1c3IudGVzdC5jb20w\nHhcNMjMwNjIxMDc1NzIzWhcNMzMwNjE4MDc1NzIzWjBrMQswCQYDVQQGEwJDTjEO\nMAwGA1UECAwFbXlrZXkxDjAMBgNVBAcMBW15a2V5MQ4wDAYDVQQKDAVteWtleTEO\nMAwGA1UECwwFbXlrZXkxHDAaBgNVBAMME215a2NhcGl1c3IudGVzdC5jb20wgZ8w\nDQYJKoZIhvcNAQEBBQADgY0AMIGJAoGBANMX0SrX8PEMR82Hc03gpheU7eUl+dM9\n8rVOth4nolGRMtNpcR3hqSdCuvdWmROAxY37mlNmoirtVeC2dfugLDlfxkWRljjX\n5rYzHS3GgtfV1u/OY3YwKGzB6o+/7TczXNC2sfT1g3rR1pR2SrpkWF0sNHR3DoHD\n7DLg25mbOpq9AgMBAAEwDQYJKoZIhvcNAQELBQADgYEASzVpPb7TyQ+ephxr5D4e\nmHzaiuTihYW5werfZUPPDmnLjytjVcgl1bU4rgZ71Q1VzNDWh6mGwvdrhCj2Ru0I\nL02xonzbsqX9DTbVBJ5on5cjQV0kFspH4/nvlZyKs+Cl6jxK+z98kLGlLdU0d+kh\nIckJ3NOY74WAmT4/n5+VuIw=\n-----END CERTIFICATE-----\n",
            "create_time": "",
            "description": "terraform test certificate",
            "domain": "mykcapiusr.test.com",
            "enterprise_project_id": null,
            "expire_time": "2033-06-18T07:57:23Z",
            "id": "aef4f95db3614362a2f260478f5f469d",
            "name": "certificate_1",
            "private_key": "-----BEGIN RSA PRIVATE KEY-----\nMIICXQIBAAKBgQDTF9Eq1/DxDEfNh3NN4KYXlO3lJfnTPfK1TrYeJ6JRkTLTaXEd\n4aknQrr3VpkTgMWN+5pTZqIq7VXgtnX7oCw5X8ZFkZY41+a2Mx0txoLX1dbvzmN2\nMChsweqPv+03M1zQtrH09YN60daUdkq6ZFhdLDR0dw6Bw+wy4NuZmzqavQIDAQAB\nAoGBAJxCWCqv2QKGhaxl5Pu0HR79trBW0T0G8WA3GObvjd91bTtEJWDqR63xXrdy\n2jOusg6tPgsYwVingVermWCfq7ugC4hHumUUCrd1iOl0FGF/qCALv50TNV+hWpN0\nwaTBi3uqN2NF3TlnLP9N5xwS4i/1bKz0r9OHH94ZMYCpwOi9AkEA94Vtw19EcJyZ\nzFTXNS0F1U9lFA2YH/gp5/bPtjuo0wTSzrdcTV+D3QPj9gA1x7PLrov3J9t1rtLL\na1Iccyt+EwJBANpS8PAtwg3N5lfeNLHylEcNa1oUo+F0H5ZI782NQ5Mkvblw+f0R\n9VbomMVyzAesbonZjWxYVpJolrKsJ2JBXe8CQQD0Wjqj1xa/fTmvqEnUayAJFxoY\nE9uMI/dq0hL4OilOOMLL4+QxVgvdUovnPQnanjqDlBVouZSSA/NhfWwsnlEVAkBa\nOn8C9BZH+DljRR1IEbYAK2abgv47te88AAbDT8eGr1+NnUhjs6FOerBwocH6xeOl\nKvkMtvGIbpshWo6oR9WXAkA6ynW4KgT+LK46oPzTMk800L9urfXxqfkG7e1RbBfu\nRB/8wse2EH9H9UZC3nGRero7u5R4TF8QAznTbylUOp3N\n-----END RSA PRIVATE KEY-----\n",
            "region": "ap-southeast-1",
            "type": "server",
            "update_time": ""
          },
          "sensitive_attributes": [],
          "private": "bnVsbA=="
        }
      ]
    },
    {
      "mode": "managed",
      "type": "huaweicloud_elb_listener",
      "name": "default_7",
      "provider": "provider[\"registry.terraform.io/huaweicloud/huaweicloud\"]",
      "instances": [
        {
          "schema_version": 0,
          "attributes": {
            "access_policy": "",
            "advanced_forwarding_enabled": false,
            "ca_certificate": "",
            "default_pool_id": "",
            "description": "Created by terraform",
            "forward_eip": false,
            "http2_enable": true,
            "id": "1f9bfd1a-69f2-4093-8ffb-f948a98ec0e6",
            "idle_timeout": 60,
            "ip_group": "",
            "loadbalancer_id": "2f739aed-8a49-42cf-9652-09e03b43e171",
            "name": "elb-7",
            "protocol": "HTTPS",
            "protocol_port": 443,
            "region": "ap-southeast-1",
            "request_timeout": 60,
            "response_timeout": 60,
            "server_certificate": "aef4f95db3614362a2f260478f5f469d",
            "sni_certificate": null,
            "tags": {
              "owner": "terraform"
            },
            "timeouts": null,
            "tls_ciphers_policy": "tls-1-0-with-1-3"
          },
          "sensitive_attributes": [],
          "private": "eyJlMmJmYjczMC1lY2FhLTExZTYtOGY4OC0zNDM2M2JjN2M0YzAiOnsiY3JlYXRlIjo2MDAwMDAwMDAwMDAsImRlbGV0ZSI6NjAwMDAwMDAwMDAwLCJ1cGRhdGUiOjYwMDAwMDAwMDAwMH19",
          "dependencies": [
            "data.huaweicloud_elb_flavors.flavors",
            "data.huaweicloud_elb_flavors.flavors_4",
            "huaweicloud_elb_certificate.certificate_1",
            "huaweicloud_elb_loadbalancer.default",
            "huaweicloud_vpc.vpc_1",
            "huaweicloud_vpc_eip.dedicated_elb",
            "huaweicloud_vpc_subnet.subnet_1"
          ]
        }
      ]
    },
    {
      "mode": "managed",
      "type": "huaweicloud_elb_loadbalancer",
      "name": "default",
      "provider": "provider[\"registry.terraform.io/huaweicloud/huaweicloud\"]",
      "instances": [
        {
          "schema_version": 0,
          "attributes": {
            "auto_pay": null,
            "auto_renew": null,
            "autoscaling_enabled": false,
            "availability_zone": [
              "ap-southeast-1c"
            ],
            "bandwidth_charge_mode": null,
            "bandwidth_size": null,
            "charging_mode": null,
            "cross_vpc_backend": false,
            "description": "Created by terraform",
            "enterprise_project_id": "0",
            "id": "2f739aed-8a49-42cf-9652-09e03b43e171",
            "iptype": null,
            "ipv4_address": "172.16.10.244",
            "ipv4_eip": "159.138.27.39",
            "ipv4_eip_id": "7da4ce4f-bb43-47c1-91ea-98e2f2f54489",
            "ipv4_subnet_id": "3895bc40-8970-48b5-89ab-157b125dac30",
            "ipv6_address": "2405:f080:410:263:105d:f74f:b7fb:25f1",
            "ipv6_bandwidth_id": null,
            "ipv6_eip": null,
            "ipv6_eip_id": null,
            "ipv6_network_id": "88f5c0a5-6f96-4267-ae0c-d580e9818be3",
            "l4_flavor_id": "21ea945b-7a28-4b0b-bc5e-28480261ac91",
            "l7_flavor_id": "c3163ea5-4435-42bd-8f1d-b84d905f5b1e",
            "min_l7_flavor_id": "",
            "name": "kupo-elb",
            "period": null,
            "period_unit": null,
            "region": "ap-southeast-1",
            "sharetype": null,
            "tags": {
              "owner": "terraform"
            },
            "timeouts": null,
            "vpc_id": "0b27541b-4a36-4aae-af04-7659544b961e"
          },
          "sensitive_attributes": [],
          "private": "eyJlMmJmYjczMC1lY2FhLTExZTYtOGY4OC0zNDM2M2JjN2M0YzAiOnsiY3JlYXRlIjo2MDAwMDAwMDAwMDAsImRlbGV0ZSI6MzAwMDAwMDAwMDAwLCJ1cGRhdGUiOjYwMDAwMDAwMDAwMH19",
          "dependencies": [
            "data.huaweicloud_elb_flavors.flavors",
            "data.huaweicloud_elb_flavors.flavors_4",
            "huaweicloud_vpc.vpc_1",
            "huaweicloud_vpc_eip.dedicated_elb",
            "huaweicloud_vpc_subnet.subnet_1"
          ]
        }
      ]
    },
    {
      "mode": "managed",
      "type": "huaweicloud_elb_member",
      "name": "default_4",
      "provider": "provider[\"registry.terraform.io/huaweicloud/huaweicloud\"]",
      "instances": []
    },
    {
      "mode": "managed",
      "type": "huaweicloud_elb_member",
      "name": "default_7",
      "provider": "provider[\"registry.terraform.io/huaweicloud/huaweicloud\"]",
      "instances": [
        {
          "schema_version": 0,
          "attributes": {
            "address": "172.16.10.151",
            "id": "74d04466-57ef-433f-bae1-8da6faeeb6be",
            "name": "",
            "pool_id": "605182bc-4652-4929-8521-2e41febb4bd6",
            "protocol_port": 80,
            "region": "ap-southeast-1",
            "subnet_id": "3895bc40-8970-48b5-89ab-157b125dac30",
            "timeouts": null,
            "weight": 1
          },
          "sensitive_attributes": [],
          "private": "eyJlMmJmYjczMC1lY2FhLTExZTYtOGY4OC0zNDM2M2JjN2M0YzAiOnsiY3JlYXRlIjo2MDAwMDAwMDAwMDAsImRlbGV0ZSI6NjAwMDAwMDAwMDAwLCJ1cGRhdGUiOjYwMDAwMDAwMDAwMH19",
          "dependencies": [
            "data.huaweicloud_elb_flavors.flavors",
            "data.huaweicloud_elb_flavors.flavors_4",
            "huaweicloud_compute_instance.basic",
            "huaweicloud_elb_certificate.certificate_1",
            "huaweicloud_elb_listener.default_7",
            "huaweicloud_elb_loadbalancer.default",
            "huaweicloud_elb_pool.default_7",
            "huaweicloud_vpc.vpc_1",
            "huaweicloud_vpc_eip.dedicated_elb",
            "huaweicloud_vpc_subnet.subnet_1"
          ]
        }
      ]
    },
    {
      "mode": "managed",
      "type": "huaweicloud_elb_monitor",
      "name": "default_4",
      "provider": "provider[\"registry.terraform.io/huaweicloud/huaweicloud\"]",
      "instances": []
    },
    {
      "mode": "managed",
      "type": "huaweicloud_elb_monitor",
      "name": "default_7",
      "provider": "provider[\"registry.terraform.io/huaweicloud/huaweicloud\"]",
      "instances": [
        {
          "schema_version": 0,
          "attributes": {
            "domain_name": "",
            "id": "80eb0102-c94b-40c9-b9d6-9b395078e088",
            "interval": 20,
            "max_retries": 10,
            "pool_id": "605182bc-4652-4929-8521-2e41febb4bd6",
            "port": 80,
            "protocol": "TCP",
            "region": "ap-southeast-1",
            "timeout": 15,
            "url_path": "/"
          },
          "sensitive_attributes": [],
          "private": "bnVsbA==",
          "dependencies": [
            "data.huaweicloud_elb_flavors.flavors",
            "data.huaweicloud_elb_flavors.flavors_4",
            "huaweicloud_elb_certificate.certificate_1",
            "huaweicloud_elb_listener.default_7",
            "huaweicloud_elb_loadbalancer.default",
            "huaweicloud_elb_pool.default_7",
            "huaweicloud_vpc.vpc_1",
            "huaweicloud_vpc_eip.dedicated_elb",
            "huaweicloud_vpc_subnet.subnet_1"
          ]
        }
      ]
    },
    {
      "mode": "managed",
      "type": "huaweicloud_elb_pool",
      "name": "default_4",
      "provider": "provider[\"registry.terraform.io/huaweicloud/huaweicloud\"]",
      "instances": []
    },
    {
      "mode": "managed",
      "type": "huaweicloud_elb_pool",
      "name": "default_7",
      "provider": "provider[\"registry.terraform.io/huaweicloud/huaweicloud\"]",
      "instances": [
        {
          "schema_version": 0,
          "attributes": {
            "description": "",
            "id": "605182bc-4652-4929-8521-2e41febb4bd6",
            "lb_method": "ROUND_ROBIN",
            "listener_id": "1f9bfd1a-69f2-4093-8ffb-f948a98ec0e6",
            "loadbalancer_id": "2f739aed-8a49-42cf-9652-09e03b43e171",
            "name": "",
            "persistence": [
              {
                "cookie_name": "",
                "timeout": 1440,
                "type": "HTTP_COOKIE"
              }
            ],
            "protocol": "HTTP",
            "region": "ap-southeast-1",
            "timeouts": null
          },
          "sensitive_attributes": [],
          "private": "eyJlMmJmYjczMC1lY2FhLTExZTYtOGY4OC0zNDM2M2JjN2M0YzAiOnsiY3JlYXRlIjo2MDAwMDAwMDAwMDAsImRlbGV0ZSI6NjAwMDAwMDAwMDAwLCJ1cGRhdGUiOjYwMDAwMDAwMDAwMH19",
          "dependencies": [
            "data.huaweicloud_elb_flavors.flavors",
            "data.huaweicloud_elb_flavors.flavors_4",
            "huaweicloud_elb_certificate.certificate_1",
            "huaweicloud_elb_listener.default_7",
            "huaweicloud_elb_loadbalancer.default",
            "huaweicloud_vpc.vpc_1",
            "huaweicloud_vpc_eip.dedicated_elb",
            "huaweicloud_vpc_subnet.subnet_1"
          ]
        }
      ]
    },
    {
      "mode": "managed",
      "type": "huaweicloud_vpc",
      "name": "vpc_1",
      "provider": "provider[\"registry.terraform.io/huaweicloud/huaweicloud\"]",
      "instances": [
        {
          "schema_version": 0,
          "attributes": {
            "cidr": "172.16.0.0/16",
            "description": "",
            "enterprise_project_id": "0",
            "id": "0b27541b-4a36-4aae-af04-7659544b961e",
            "name": "vpc-basic",
            "region": "ap-southeast-1",
            "routes": [],
            "secondary_cidr": null,
            "status": "OK",
            "tags": {},
            "timeouts": null
          },
          "sensitive_attributes": [],
          "private": "eyJlMmJmYjczMC1lY2FhLTExZTYtOGY4OC0zNDM2M2JjN2M0YzAiOnsiY3JlYXRlIjo2MDAwMDAwMDAwMDAsImRlbGV0ZSI6MTgwMDAwMDAwMDAwfX0="
        }
      ]
    },
    {
      "mode": "managed",
      "type": "huaweicloud_vpc_eip",
      "name": "dedicated",
      "provider": "provider[\"registry.terraform.io/huaweicloud/huaweicloud\"]",
      "instances": [
        {
          "schema_version": 0,
          "attributes": {
            "address": "159.138.147.178",
            "auto_pay": null,
            "auto_renew": null,
            "bandwidth": [
              {
                "charge_mode": "traffic",
                "id": "3f59b65e-0ae7-46c0-b62c-1ebe1de1ce03",
                "name": "kupo-eip",
                "share_type": "PER",
                "size": 10
              }
            ],
            "charging_mode": null,
            "enterprise_project_id": "0",
            "id": "a8546d25-24d0-4cfa-b81f-8a73edd62214",
            "ipv6_address": "",
            "name": "",
            "period": null,
            "period_unit": null,
            "port_id": "f1a3904b-e64d-4b0c-abe3-f6c5aab2e545",
            "private_ip": "172.16.10.151",
            "publicip": [
              {
                "ip_address": "159.138.147.178",
                "ip_version": 4,
                "port_id": "f1a3904b-e64d-4b0c-abe3-f6c5aab2e545",
                "type": "5_bgp"
              }
            ],
            "region": "ap-southeast-1",
            "status": "BOUND",
            "tags": {},
            "timeouts": null
          },
          "sensitive_attributes": [],
          "private": "eyJlMmJmYjczMC1lY2FhLTExZTYtOGY4OC0zNDM2M2JjN2M0YzAiOnsiY3JlYXRlIjo2MDAwMDAwMDAwMDAsImRlbGV0ZSI6MzAwMDAwMDAwMDAwLCJ1cGRhdGUiOjMwMDAwMDAwMDAwMH19"
        }
      ]
    },
    {
      "mode": "managed",
      "type": "huaweicloud_vpc_eip",
      "name": "dedicated_elb",
      "provider": "provider[\"registry.terraform.io/huaweicloud/huaweicloud\"]",
      "instances": [
        {
          "schema_version": 0,
          "attributes": {
            "address": "159.138.27.39",
            "auto_pay": null,
            "auto_renew": null,
            "bandwidth": [
              {
                "charge_mode": "traffic",
                "id": "b4c79494-b22e-4b1a-a1e3-08f1ccec9c1f",
                "name": "kupo-elb",
                "share_type": "PER",
                "size": 10
              }
            ],
            "charging_mode": null,
            "enterprise_project_id": "0",
            "id": "7da4ce4f-bb43-47c1-91ea-98e2f2f54489",
            "ipv6_address": "",
            "name": "",
            "period": null,
            "period_unit": null,
            "port_id": "",
            "private_ip": "",
            "publicip": [
              {
                "ip_address": "159.138.27.39",
                "ip_version": 4,
                "port_id": "",
                "type": "5_bgp"
              }
            ],
            "region": "ap-southeast-1",
            "status": "UNBOUND",
            "tags": null,
            "timeouts": null
          },
          "sensitive_attributes": [],
          "private": "eyJlMmJmYjczMC1lY2FhLTExZTYtOGY4OC0zNDM2M2JjN2M0YzAiOnsiY3JlYXRlIjo2MDAwMDAwMDAwMDAsImRlbGV0ZSI6MzAwMDAwMDAwMDAwLCJ1cGRhdGUiOjMwMDAwMDAwMDAwMH19"
        }
      ]
    },
    {
      "mode": "managed",
      "type": "huaweicloud_vpc_subnet",
      "name": "subnet_1",
      "provider": "provider[\"registry.terraform.io/huaweicloud/huaweicloud\"]",
      "instances": [
        {
          "schema_version": 0,
          "attributes": {
            "availability_zone": "",
            "cidr": "172.16.10.0/24",
            "description": "",
            "dhcp_enable": true,
            "dhcp_lease_time": null,
            "dns_list": [
              "100.125.1.250"
            ],
            "gateway_ip": "172.16.10.1",
            "id": "88f5c0a5-6f96-4267-ae0c-d580e9818be3",
            "ipv4_subnet_id": "3895bc40-8970-48b5-89ab-157b125dac30",
            "ipv6_cidr": "2405:f080:410:263::/64",
            "ipv6_enable": true,
            "ipv6_gateway": "2405:f080:410:263::1",
            "ipv6_subnet_id": "657ca10f-4f6c-4f2b-8d58-6f56fbb58a0a",
            "name": "subent-basic",
            "ntp_server_address": null,
            "primary_dns": "100.125.1.250",
            "region": "ap-southeast-1",
            "secondary_dns": "",
            "subnet_id": "3895bc40-8970-48b5-89ab-157b125dac30",
            "tags": {},
            "timeouts": null,
            "vpc_id": "0b27541b-4a36-4aae-af04-7659544b961e"
          },
          "sensitive_attributes": [],
          "private": "eyJlMmJmYjczMC1lY2FhLTExZTYtOGY4OC0zNDM2M2JjN2M0YzAiOnsiY3JlYXRlIjozMDAwMDAwMDAwMDAsImRlbGV0ZSI6MzAwMDAwMDAwMDAwfX0=",
          "dependencies": [
            "huaweicloud_vpc.vpc_1"
          ]
        }
      ]
    }
  ],
  "check_results": null
}
